
Microsoft Visual Studio Solution File, Format Version 12.00
# Visual Studio 15
VisualStudioVersion = 15.0.27703.2042
MinimumVisualStudioVersion = 10.0.40219.1
Project("{FAE04EC0-301F-11D3-BF4B-00C04F79EFBC}") = "WebAppStd", "WebAppStd\WebAppStd.csproj", "{AB30DA66-D6DE-42AF-896E-C12F74AFB3C2}"
EndProject
Project("{FAE04EC0-301F-11D3-BF4B-00C04F79EFBC}") = "Data", "Data\Data.csproj", "{0A16AA4A-B38C-48E0-8BB4-7D58E0FD1B09}"
EndProject
Project("{FAE04EC0-301F-11D3-BF4B-00C04F79EFBC}") = "Model", "Model\Model.csproj", "{42F00D31-E2C2-416C-B0EB-6815BFC98012}"
EndProject
Project("{FAE04EC0-301F-11D3-BF4B-00C04F79EFBC}") = "Service", "Service\Service.csproj", "{949245FD-8F03-487D-A1FE-3DB5CE59513C}"
EndProject
Project("{FAE04EC0-301F-11D3-BF4B-00C04F79EFBC}") = "Test", "Test\Test.csproj", "{C86E1356-E55C-4181-8D82-2BED01F22EC2}"
EndProject
Project("{FAE04EC0-301F-11D3-BF4B-00C04F79EFBC}") = "Common", "Common\Common.csproj", "{6F179D7D-E5B2-440F-9266-3A8381777A07}"
EndProject
Global
	GlobalSection(SolutionConfigurationPlatforms) = preSolution
		Debug|Any CPU = Debug|Any CPU
		Release|Any CPU = Release|Any CPU
	EndGlobalSection
	GlobalSection(ProjectConfigurationPlatforms) = postSolution
		{AB30DA66-D6DE-42AF-896E-C12F74AFB3C2}.Debug|Any CPU.ActiveCfg = Debug|Any CPU
		{AB30DA66-D6DE-42AF-896E-C12F74AFB3C2}.Debug|Any CPU.Build.0 = Debug|Any CPU
		{AB30DA66-D6DE-42AF-896E-C12F74AFB3C2}.Release|Any CPU.ActiveCfg = Release|Any CPU
		{AB30DA66-D6DE-42AF-896E-C12F74AFB3C2}.Release|Any CPU.Build.0 = Release|Any CPU
		{0A16AA4A-B38C-48E0-8BB4-7D58E0FD1B09}.Debug|Any CPU.ActiveCfg = Debug|Any CPU
		{0A16AA4A-B38C-48E0-8BB4-7D58E0FD1B09}.Debug|Any CPU.Build.0 = Debug|Any CPU
		{0A16AA4A-B38C-48E0-8BB4-7D58E0FD1B09}.Release|Any CPU.ActiveCfg = Release|Any CPU
		{0A16AA4A-B38C-48E0-8BB4-7D58E0FD1B09}.Release|Any CPU.Build.0 = Release|Any CPU
		{42F00D31-E2C2-416C-B0EB-6815BFC98012}.Debug|Any CPU.ActiveCfg = Debug|Any CPU
		{42F00D31-E2C2-416C-B0EB-6815BFC98012}.Debug|Any CPU.Build.0 = Debug|Any CPU
		{42F00D31-E2C2-416C-B0EB-6815BFC98012}.Release|Any CPU.ActiveCfg = Release|Any CPU
		{42F00D31-E2C2-416C-B0EB-6815BFC98012}.Release|Any CPU.Build.0 = Release|Any CPU
		{949245FD-8F03-487D-A1FE-3DB5CE59513C}.Debug|Any CPU.ActiveCfg = Debug|Any CPU
		{949245FD-8F03-487D-A1FE-3DB5CE59513C}.Debug|Any CPU.Build.0 = Debug|Any CPU
		{949245FD-8F03-487D-A1FE-3DB5CE59513C}.Release|Any CPU.ActiveCfg = Release|Any CPU
		{949245FD-8F03-487D-A1FE-3DB5CE59513C}.Release|Any CPU.Build.0 = Release|Any CPU
		{C86E1356-E55C-4181-8D82-2BED01F22EC2}.Debug|Any CPU.ActiveCfg = Debug|Any CPU
		{C86E1356-E55C-4181-8D82-2BED01F22EC2}.Debug|Any CPU.Build.0 = Debug|Any CPU
		{C86E1356-E55C-4181-8D82-2BED01F22EC2}.Release|Any CPU.ActiveCfg = Release|Any CPU
		{C86E1356-E55C-4181-8D82-2BED01F22EC2}.Release|Any CPU.Build.0 = Release|Any CPU
		{6F179D7D-E5B2-440F-9266-3A8381777A07}.Debug|Any CPU.ActiveCfg = Debug|Any CPU
		{6F179D7D-E5B2-440F-9266-3A8381777A07}.Debug|Any CPU.Build.0 = Debug|Any CPU
		{6F179D7D-E5B2-440F-9266-3A8381777A07}.Release|Any CPU.ActiveCfg = Release|Any CPU
		{6F179D7D-E5B2-440F-9266-3A8381777A07}.Release|Any CPU.Build.0 = Release|Any CPU
	EndGlobalSection
	GlobalSection(SolutionProperties) = preSolution
		HideSolutionNode = FALSE
	EndGlobalSection
	GlobalSection(ExtensibilityGlobals) = postSolution
		SolutionGuid = {B88C8E94-19DB-42B2-B1EC-7AAEA816A17F}
	EndGlobalSection
EndGlobal
